
Microsoft Visual Studio Solution File, Format Version 12.00
# Visual Studio Version 17
VisualStudioVersion = 17.4.33213.308
MinimumVisualStudioVersion = 10.0.40219.1
Project("{9A19103F-16F7-4668-BE54-9A1E7A4F7556}") = "BatchDemo", "BatchDemo\BatchDemo.csproj", "{86567CD4-E3EC-4432-9BBE-024ABE1C6EEA}"
EndProject
Project("{9A19103F-16F7-4668-BE54-9A1E7A4F7556}") = "BatchDemo.DataAccess", "BatchDemo.DataAccess\BatchDemo.DataAccess.csproj", "{575D12F1-42BF-441A-87CA-33BC95293BEC}"
EndProject
Project("{9A19103F-16F7-4668-BE54-9A1E7A4F7556}") = "BatchDemo.Models", "BatchDemo.Models\BatchDemo.Models.csproj", "{EE0A35A9-2843-4517-88FF-3AB8220A6D5A}"
EndProject
Project("{9A19103F-16F7-4668-BE54-9A1E7A4F7556}") = "BatchDemo.UnitTests", "BatchDemo.UnitTests\BatchDemo.UnitTests.csproj", "{5A6B1B83-8D56-4335-9DDB-F59C9199B226}"
EndProject
Project("{9A19103F-16F7-4668-BE54-9A1E7A4F7556}") = "BatchDemo.Utility", "BatchDemo.Utility\BatchDemo.Utility.csproj", "{2D6BDA5F-1632-4133-96B3-B130E9BFA945}"
EndProject
Project("{9A19103F-16F7-4668-BE54-9A1E7A4F7556}") = "BatchDemo.Logger", "BatchDemo.Logger\BatchDemo.Logger.csproj", "{08DA2029-44BF-4CCD-A851-5C093DE3D0FB}"
EndProject
Global
	GlobalSection(SolutionConfigurationPlatforms) = preSolution
		Debug|Any CPU = Debug|Any CPU
		Release|Any CPU = Release|Any CPU
	EndGlobalSection
	GlobalSection(ProjectConfigurationPlatforms) = postSolution
		{86567CD4-E3EC-4432-9BBE-024ABE1C6EEA}.Debug|Any CPU.ActiveCfg = Debug|Any CPU
		{86567CD4-E3EC-4432-9BBE-024ABE1C6EEA}.Debug|Any CPU.Build.0 = Debug|Any CPU
		{86567CD4-E3EC-4432-9BBE-024ABE1C6EEA}.Release|Any CPU.ActiveCfg = Release|Any CPU
		{86567CD4-E3EC-4432-9BBE-024ABE1C6EEA}.Release|Any CPU.Build.0 = Release|Any CPU
		{575D12F1-42BF-441A-87CA-33BC95293BEC}.Debug|Any CPU.ActiveCfg = Debug|Any CPU
		{575D12F1-42BF-441A-87CA-33BC95293BEC}.Debug|Any CPU.Build.0 = Debug|Any CPU
		{575D12F1-42BF-441A-87CA-33BC95293BEC}.Release|Any CPU.ActiveCfg = Release|Any CPU
		{575D12F1-42BF-441A-87CA-33BC95293BEC}.Release|Any CPU.Build.0 = Release|Any CPU
		{EE0A35A9-2843-4517-88FF-3AB8220A6D5A}.Debug|Any CPU.ActiveCfg = Debug|Any CPU
		{EE0A35A9-2843-4517-88FF-3AB8220A6D5A}.Debug|Any CPU.Build.0 = Debug|Any CPU
		{EE0A35A9-2843-4517-88FF-3AB8220A6D5A}.Release|Any CPU.ActiveCfg = Release|Any CPU
		{EE0A35A9-2843-4517-88FF-3AB8220A6D5A}.Release|Any CPU.Build.0 = Release|Any CPU
		{5A6B1B83-8D56-4335-9DDB-F59C9199B226}.Debug|Any CPU.ActiveCfg = Debug|Any CPU
		{5A6B1B83-8D56-4335-9DDB-F59C9199B226}.Debug|Any CPU.Build.0 = Debug|Any CPU
		{5A6B1B83-8D56-4335-9DDB-F59C9199B226}.Release|Any CPU.ActiveCfg = Release|Any CPU
		{5A6B1B83-8D56-4335-9DDB-F59C9199B226}.Release|Any CPU.Build.0 = Release|Any CPU
		{2D6BDA5F-1632-4133-96B3-B130E9BFA945}.Debug|Any CPU.ActiveCfg = Debug|Any CPU
		{2D6BDA5F-1632-4133-96B3-B130E9BFA945}.Debug|Any CPU.Build.0 = Debug|Any CPU
		{2D6BDA5F-1632-4133-96B3-B130E9BFA945}.Release|Any CPU.ActiveCfg = Release|Any CPU
		{2D6BDA5F-1632-4133-96B3-B130E9BFA945}.Release|Any CPU.Build.0 = Release|Any CPU
		{08DA2029-44BF-4CCD-A851-5C093DE3D0FB}.Debug|Any CPU.ActiveCfg = Debug|Any CPU
		{08DA2029-44BF-4CCD-A851-5C093DE3D0FB}.Debug|Any CPU.Build.0 = Debug|Any CPU
		{08DA2029-44BF-4CCD-A851-5C093DE3D0FB}.Release|Any CPU.ActiveCfg = Release|Any CPU
		{08DA2029-44BF-4CCD-A851-5C093DE3D0FB}.Release|Any CPU.Build.0 = Release|Any CPU
	EndGlobalSection
	GlobalSection(SolutionProperties) = preSolution
		HideSolutionNode = FALSE
	EndGlobalSection
	GlobalSection(ExtensibilityGlobals) = postSolution
		SolutionGuid = {DDF8384E-04FD-4D54-82AE-8976EF36FAFC}
	EndGlobalSection
EndGlobal
